
Microsoft Visual Studio Solution File, Format Version 12.00
# Visual Studio Version 16
VisualStudioVersion = 16.0.31402.337
MinimumVisualStudioVersion = 10.0.40219.1
Project("{FAE04EC0-301F-11D3-BF4B-00C04F79EFBC}") = "esercizio 5 difficile", "esercizio 5 difficile.csproj", "{A69DD64C-AE55-42A1-A04B-E6D965307B8A}"
EndProject
Global
	GlobalSection(SolutionConfigurationPlatforms) = preSolution
		Debug|Any CPU = Debug|Any CPU
		Release|Any CPU = Release|Any CPU
	EndGlobalSection
	GlobalSection(ProjectConfigurationPlatforms) = postSolution
		{A69DD64C-AE55-42A1-A04B-E6D965307B8A}.Debug|Any CPU.ActiveCfg = Debug|Any CPU
		{A69DD64C-AE55-42A1-A04B-E6D965307B8A}.Debug|Any CPU.Build.0 = Debug|Any CPU
		{A69DD64C-AE55-42A1-A04B-E6D965307B8A}.Release|Any CPU.ActiveCfg = Release|Any CPU
		{A69DD64C-AE55-42A1-A04B-E6D965307B8A}.Release|Any CPU.Build.0 = Release|Any CPU
	EndGlobalSection
	GlobalSection(SolutionProperties) = preSolution
		HideSolutionNode = FALSE
	EndGlobalSection
	GlobalSection(ExtensibilityGlobals) = postSolution
		SolutionGuid = {2EAD7103-2D7E-455B-96DA-75E8EEB9F402}
	EndGlobalSection
EndGlobal
