
Microsoft Visual Studio Solution File, Format Version 12.00
# Visual Studio Version 16
VisualStudioVersion = 16.0.31402.337
MinimumVisualStudioVersion = 10.0.40219.1
Project("{FAE04EC0-301F-11D3-BF4B-00C04F79EFBC}") = "esercizio 4", "esercizio 4.csproj", "{1C9057ED-B9C5-4C0C-A7EF-CE3B4BB41C67}"
EndProject
Global
	GlobalSection(SolutionConfigurationPlatforms) = preSolution
		Debug|Any CPU = Debug|Any CPU
		Release|Any CPU = Release|Any CPU
	EndGlobalSection
	GlobalSection(ProjectConfigurationPlatforms) = postSolution
		{1C9057ED-B9C5-4C0C-A7EF-CE3B4BB41C67}.Debug|Any CPU.ActiveCfg = Debug|Any CPU
		{1C9057ED-B9C5-4C0C-A7EF-CE3B4BB41C67}.Debug|Any CPU.Build.0 = Debug|Any CPU
		{1C9057ED-B9C5-4C0C-A7EF-CE3B4BB41C67}.Release|Any CPU.ActiveCfg = Release|Any CPU
		{1C9057ED-B9C5-4C0C-A7EF-CE3B4BB41C67}.Release|Any CPU.Build.0 = Release|Any CPU
	EndGlobalSection
	GlobalSection(SolutionProperties) = preSolution
		HideSolutionNode = FALSE
	EndGlobalSection
	GlobalSection(ExtensibilityGlobals) = postSolution
		SolutionGuid = {6FA6B483-7D57-4CFD-8E3A-5A7586B60E0D}
	EndGlobalSection
EndGlobal
