
Microsoft Visual Studio Solution File, Format Version 12.00
# Visual Studio Version 16
VisualStudioVersion = 16.0.31025.194
MinimumVisualStudioVersion = 10.0.40219.1
Project("{FAE04EC0-301F-11D3-BF4B-00C04F79EFBC}") = "es3poli", "es3poli\es3poli.csproj", "{FDD1C879-8871-4646-9EBE-73E8B8869D4C}"
EndProject
Global
	GlobalSection(SolutionConfigurationPlatforms) = preSolution
		Debug|Any CPU = Debug|Any CPU
		Release|Any CPU = Release|Any CPU
	EndGlobalSection
	GlobalSection(ProjectConfigurationPlatforms) = postSolution
		{FDD1C879-8871-4646-9EBE-73E8B8869D4C}.Debug|Any CPU.ActiveCfg = Debug|Any CPU
		{FDD1C879-8871-4646-9EBE-73E8B8869D4C}.Debug|Any CPU.Build.0 = Debug|Any CPU
		{FDD1C879-8871-4646-9EBE-73E8B8869D4C}.Release|Any CPU.ActiveCfg = Release|Any CPU
		{FDD1C879-8871-4646-9EBE-73E8B8869D4C}.Release|Any CPU.Build.0 = Release|Any CPU
	EndGlobalSection
	GlobalSection(SolutionProperties) = preSolution
		HideSolutionNode = FALSE
	EndGlobalSection
	GlobalSection(ExtensibilityGlobals) = postSolution
		SolutionGuid = {7D8DBFC1-F6D4-4C87-A93B-BF7F2479AC54}
	EndGlobalSection
EndGlobal
